schema: '2.0'
stages:
  load_data:
    cmd: python src/load_data.py --config=params.yaml
    deps:
    - path: data_given/winequality.csv
      hash: md5
      md5: ccc8d3507eb151f53f760d36abdef888
      size: 91998
    - path: src/get_data.py
      hash: md5
      md5: 5b9ef811fd08e93105f3d6003336aed3
      size: 751
    - path: src/load_data.py
      hash: md5
      md5: 3b7cbe34d1949c7a35a585f626abe401
      size: 610
    outs:
    - path: data/raw/winequality.csv
      hash: md5
      md5: 069b522b0321bc25a626ceeffcb8eb44
      size: 93598
  split_data:
    cmd: python src/split_data.py --config=params.yaml
    deps:
    - path: data/raw/winequality.csv
      hash: md5
      md5: 069b522b0321bc25a626ceeffcb8eb44
      size: 93598
    - path: src/split_data.py
      hash: md5
      md5: 5640d0cd89a5eedd374f089130acc5f3
      size: 1006
    outs:
    - path: data/processed/test_winequality.csv
      hash: md5
      md5: ee3284843265e5855bc07dd6427ab1c2
      size: 18831
    - path: data/processed/train_winequality.csv
      hash: md5
      md5: 81dce00e053ba5ebabeacf8e7dca537a
      size: 74913
  train_and_evaluate:
    cmd: python src/train_and_evaluate.py --config=params.yaml
    deps:
    - path: data/processed/test_winequality.csv
      hash: md5
      md5: ee3284843265e5855bc07dd6427ab1c2
      size: 18831
    - path: data/processed/train_winequality.csv
      hash: md5
      md5: 81dce00e053ba5ebabeacf8e7dca537a
      size: 74913
    - path: src/train_and_evaluate.py
      hash: md5
      md5: 1ceef7ba8dff6b7131f55d51a309cc83
      size: 2455
    params:
      params.yaml:
        estimators.ElasticNet.params.alpha: 0.88
        estimators.ElasticNet.params.l1_ratio: 0.11
    outs:
    - path: report/params.json
      hash: md5
      md5: 139faf88fae3008d550db4a2c1ee13d7
      size: 46
    - path: report/scores.json
      hash: md5
      md5: dc18e6eb07c5643757c80afc6ac41141
      size: 100
    - path: saved_models/model.joblib
      hash: md5
      md5: 0f01cbba26c4aaf7fa1fe39930a07745
      size: 1263
